
Microsoft Visual Studio Solution File, Format Version 12.00
# Visual Studio 15
VisualStudioVersion = 15.0.28010.2016
MinimumVisualStudioVersion = 10.0.40219.1
Project("{8BC9CEB8-8B4A-11D0-8D11-00A0C91BC942}") = "ButtonMasher", "ButtonMasher.vcxproj", "{EC48EF97-4129-4BCF-9B99-06ED67818915}"
EndProject
Global
	GlobalSection(SolutionConfigurationPlatforms) = preSolution
		Debug|x64 = Debug|x64
		Debug|x86 = Debug|x86
		Release|x64 = Release|x64
		Release|x86 = Release|x86
	EndGlobalSection
	GlobalSection(ProjectConfigurationPlatforms) = postSolution
		{EC48EF97-4129-4BCF-9B99-06ED67818915}.Debug|x64.ActiveCfg = Debug|x64
		{EC48EF97-4129-4BCF-9B99-06ED67818915}.Debug|x64.Build.0 = Debug|x64
		{EC48EF97-4129-4BCF-9B99-06ED67818915}.Debug|x86.ActiveCfg = Debug|Win32
		{EC48EF97-4129-4BCF-9B99-06ED67818915}.Debug|x86.Build.0 = Debug|Win32
		{EC48EF97-4129-4BCF-9B99-06ED67818915}.Release|x64.ActiveCfg = Release|x64
		{EC48EF97-4129-4BCF-9B99-06ED67818915}.Release|x64.Build.0 = Release|x64
		{EC48EF97-4129-4BCF-9B99-06ED67818915}.Release|x86.ActiveCfg = Release|Win32
		{EC48EF97-4129-4BCF-9B99-06ED67818915}.Release|x86.Build.0 = Release|Win32
	EndGlobalSection
	GlobalSection(SolutionProperties) = preSolution
		HideSolutionNode = FALSE
	EndGlobalSection
	GlobalSection(ExtensibilityGlobals) = postSolution
		SolutionGuid = {EF8B5A9B-572B-4662-A0C0-6E0D825E54F4}
	EndGlobalSection
EndGlobal
